
Microsoft Visual Studio Solution File, Format Version 9.00
# Visual Studio 2005
Project("{FAE04EC0-301F-11D3-BF4B-00C04F79EFBC}") = "onClass03", "onClass03\onClass03.csproj", "{811A4BBE-D27A-449B-89E5-C547B7A523CF}"
EndProject
Global
	GlobalSection(SolutionConfigurationPlatforms) = preSolution
		Debug|Any CPU = Debug|Any CPU
		Release|Any CPU = Release|Any CPU
	EndGlobalSection
	GlobalSection(ProjectConfigurationPlatforms) = postSolution
		{811A4BBE-D27A-449B-89E5-C547B7A523CF}.Debug|Any CPU.ActiveCfg = Debug|Any CPU
		{811A4BBE-D27A-449B-89E5-C547B7A523CF}.Debug|Any CPU.Build.0 = Debug|Any CPU
		{811A4BBE-D27A-449B-89E5-C547B7A523CF}.Release|Any CPU.ActiveCfg = Release|Any CPU
		{811A4BBE-D27A-449B-89E5-C547B7A523CF}.Release|Any CPU.Build.0 = Release|Any CPU
	EndGlobalSection
	GlobalSection(SolutionProperties) = preSolution
		HideSolutionNode = FALSE
	EndGlobalSection
EndGlobal
