
Microsoft Visual Studio Solution File, Format Version 9.00
# Visual Studio 2005
Project("{FAE04EC0-301F-11D3-BF4B-00C04F79EFBC}") = "namespaceAndexception", "namespaceAndexception\namespaceAndexception.csproj", "{EDCE275A-327A-46CB-BB81-C5E070EB79CC}"
EndProject
Global
	GlobalSection(SolutionConfigurationPlatforms) = preSolution
		Debug|Any CPU = Debug|Any CPU
		Release|Any CPU = Release|Any CPU
	EndGlobalSection
	GlobalSection(ProjectConfigurationPlatforms) = postSolution
		{EDCE275A-327A-46CB-BB81-C5E070EB79CC}.Debug|Any CPU.ActiveCfg = Debug|Any CPU
		{EDCE275A-327A-46CB-BB81-C5E070EB79CC}.Debug|Any CPU.Build.0 = Debug|Any CPU
		{EDCE275A-327A-46CB-BB81-C5E070EB79CC}.Release|Any CPU.ActiveCfg = Release|Any CPU
		{EDCE275A-327A-46CB-BB81-C5E070EB79CC}.Release|Any CPU.Build.0 = Release|Any CPU
	EndGlobalSection
	GlobalSection(SolutionProperties) = preSolution
		HideSolutionNode = FALSE
	EndGlobalSection
EndGlobal
