
Microsoft Visual Studio Solution File, Format Version 9.00
# Visual Studio 2005
Project("{FAE04EC0-301F-11D3-BF4B-00C04F79EFBC}") = "myDelegate", "myDelagate\myDelegate.csproj", "{48882FE4-BDE0-45FA-BDC6-FB5D76BD4B2C}"
EndProject
Project("{FAE04EC0-301F-11D3-BF4B-00C04F79EFBC}") = "studentManager", "studentManager\studentManager.csproj", "{5727C9AC-63C9-40E2-AD58-1AB7EA4714AB}"
EndProject
Project("{FAE04EC0-301F-11D3-BF4B-00C04F79EFBC}") = "eventDemo", "eventDemo\eventDemo.csproj", "{8A38081A-3685-4089-9308-F807F7BF44D3}"
EndProject
Global
	GlobalSection(SolutionConfigurationPlatforms) = preSolution
		Debug|Any CPU = Debug|Any CPU
		Release|Any CPU = Release|Any CPU
	EndGlobalSection
	GlobalSection(ProjectConfigurationPlatforms) = postSolution
		{48882FE4-BDE0-45FA-BDC6-FB5D76BD4B2C}.Debug|Any CPU.ActiveCfg = Debug|Any CPU
		{48882FE4-BDE0-45FA-BDC6-FB5D76BD4B2C}.Debug|Any CPU.Build.0 = Debug|Any CPU
		{48882FE4-BDE0-45FA-BDC6-FB5D76BD4B2C}.Release|Any CPU.ActiveCfg = Release|Any CPU
		{48882FE4-BDE0-45FA-BDC6-FB5D76BD4B2C}.Release|Any CPU.Build.0 = Release|Any CPU
		{5727C9AC-63C9-40E2-AD58-1AB7EA4714AB}.Debug|Any CPU.ActiveCfg = Debug|Any CPU
		{5727C9AC-63C9-40E2-AD58-1AB7EA4714AB}.Debug|Any CPU.Build.0 = Debug|Any CPU
		{5727C9AC-63C9-40E2-AD58-1AB7EA4714AB}.Release|Any CPU.ActiveCfg = Release|Any CPU
		{5727C9AC-63C9-40E2-AD58-1AB7EA4714AB}.Release|Any CPU.Build.0 = Release|Any CPU
		{8A38081A-3685-4089-9308-F807F7BF44D3}.Debug|Any CPU.ActiveCfg = Debug|Any CPU
		{8A38081A-3685-4089-9308-F807F7BF44D3}.Debug|Any CPU.Build.0 = Debug|Any CPU
		{8A38081A-3685-4089-9308-F807F7BF44D3}.Release|Any CPU.ActiveCfg = Release|Any CPU
		{8A38081A-3685-4089-9308-F807F7BF44D3}.Release|Any CPU.Build.0 = Release|Any CPU
	EndGlobalSection
	GlobalSection(SolutionProperties) = preSolution
		HideSolutionNode = FALSE
	EndGlobalSection
EndGlobal
